
Microsoft Visual Studio Solution File, Format Version 12.00
# Visual Studio 2013
VisualStudioVersion = 12.0.21005.1
MinimumVisualStudioVersion = 10.0.40219.1
Project("{FAE04EC0-301F-11D3-BF4B-00C04F79EFBC}") = "GearsCreator", "GearsCreator\GearsCreator.csproj", "{D0A9D8BB-0329-48C4-8319-5871A8565F28}"
EndProject
Project("{FAE04EC0-301F-11D3-BF4B-00C04F79EFBC}") = "GearsCreatorTests", "GearsCreatorTests\GearsCreatorTests.csproj", "{AF3AA1F1-12E6-449B-9439-875794BC6645}"
EndProject
Global
	GlobalSection(SolutionConfigurationPlatforms) = preSolution
		Debug|Any CPU = Debug|Any CPU
		Release|Any CPU = Release|Any CPU
	EndGlobalSection
	GlobalSection(ProjectConfigurationPlatforms) = postSolution
		{D0A9D8BB-0329-48C4-8319-5871A8565F28}.Debug|Any CPU.ActiveCfg = Debug|Any CPU
		{D0A9D8BB-0329-48C4-8319-5871A8565F28}.Debug|Any CPU.Build.0 = Debug|Any CPU
		{D0A9D8BB-0329-48C4-8319-5871A8565F28}.Release|Any CPU.ActiveCfg = Release|Any CPU
		{D0A9D8BB-0329-48C4-8319-5871A8565F28}.Release|Any CPU.Build.0 = Release|Any CPU
		{AF3AA1F1-12E6-449B-9439-875794BC6645}.Debug|Any CPU.ActiveCfg = Debug|Any CPU
		{AF3AA1F1-12E6-449B-9439-875794BC6645}.Debug|Any CPU.Build.0 = Debug|Any CPU
		{AF3AA1F1-12E6-449B-9439-875794BC6645}.Release|Any CPU.ActiveCfg = Release|Any CPU
		{AF3AA1F1-12E6-449B-9439-875794BC6645}.Release|Any CPU.Build.0 = Release|Any CPU
	EndGlobalSection
	GlobalSection(SolutionProperties) = preSolution
		HideSolutionNode = FALSE
	EndGlobalSection
EndGlobal
